
Microsoft Visual Studio Solution File, Format Version 12.00
# Visual Studio 15
VisualStudioVersion = 15.0.28307.1585
MinimumVisualStudioVersion = 10.0.40219.1
Project("{FAE04EC0-301F-11D3-BF4B-00C04F79EFBC}") = "gym.model", "gym.model\gym.model.csproj", "{A40F8B28-6DEE-41EC-98A8-8308FE6278A0}"
EndProject
Project("{FAE04EC0-301F-11D3-BF4B-00C04F79EFBC}") = "gym.site", "gym.site\gym.site.csproj", "{0712BC40-46F0-4B23-B67B-16E0E002C32A}"
EndProject
Global
	GlobalSection(SolutionConfigurationPlatforms) = preSolution
		Debug|Any CPU = Debug|Any CPU
		Release|Any CPU = Release|Any CPU
	EndGlobalSection
	GlobalSection(ProjectConfigurationPlatforms) = postSolution
		{A40F8B28-6DEE-41EC-98A8-8308FE6278A0}.Debug|Any CPU.ActiveCfg = Debug|Any CPU
		{A40F8B28-6DEE-41EC-98A8-8308FE6278A0}.Debug|Any CPU.Build.0 = Debug|Any CPU
		{A40F8B28-6DEE-41EC-98A8-8308FE6278A0}.Release|Any CPU.ActiveCfg = Release|Any CPU
		{A40F8B28-6DEE-41EC-98A8-8308FE6278A0}.Release|Any CPU.Build.0 = Release|Any CPU
		{0712BC40-46F0-4B23-B67B-16E0E002C32A}.Debug|Any CPU.ActiveCfg = Debug|Any CPU
		{0712BC40-46F0-4B23-B67B-16E0E002C32A}.Debug|Any CPU.Build.0 = Debug|Any CPU
		{0712BC40-46F0-4B23-B67B-16E0E002C32A}.Release|Any CPU.ActiveCfg = Release|Any CPU
		{0712BC40-46F0-4B23-B67B-16E0E002C32A}.Release|Any CPU.Build.0 = Release|Any CPU
	EndGlobalSection
	GlobalSection(SolutionProperties) = preSolution
		HideSolutionNode = FALSE
	EndGlobalSection
	GlobalSection(ExtensibilityGlobals) = postSolution
		SolutionGuid = {1B1A4118-27D4-4365-BB92-698CAE5B19EB}
	EndGlobalSection
EndGlobal
